// !$*UTF8*$!
{
	archiveVersion = 1;
	classes = {
	};
	objectVersion = 77;
	objects = {

/* Begin PBXBuildFile section */
		391160E02DE2E2DF006A4D3E /* MiniRedux in Frameworks */ = {isa = PBXBuildFile; productRef = 391160DF2DE2E2DF006A4D3E /* MiniRedux */; };
		39C591762DF0C31C00B72F93 /* BridgingWebView in Frameworks */ = {isa = PBXBuildFile; productRef = 39C591752DF0C31C00B72F93 /* BridgingWebView */; };
/* End PBXBuildFile section */

/* Begin PBXContainerItemProxy section */
		391160BB2DE286D9006A4D3E /* PBXContainerItemProxy */ = {
			isa = PBXContainerItemProxy;
			containerPortal = 391160A22DE286D7006A4D3E /* Project object */;
			proxyType = 1;
			remoteGlobalIDString = 391160A92DE286D7006A4D3E;
			remoteInfo = cipher;
		};
		391160C52DE286D9006A4D3E /* PBXContainerItemProxy */ = {
			isa = PBXContainerItemProxy;
			containerPortal = 391160A22DE286D7006A4D3E /* Project object */;
			proxyType = 1;
			remoteGlobalIDString = 391160A92DE286D7006A4D3E;
			remoteInfo = cipher;
		};
/* End PBXContainerItemProxy section */

/* Begin PBXFileReference section */
		391160AA2DE286D7006A4D3E /* cipher.app */ = {isa = PBXFileReference; explicitFileType = wrapper.application; includeInIndex = 0; path = cipher.app; sourceTree = BUILT_PRODUCTS_DIR; };
		391160BA2DE286D9006A4D3E /* cipherTests.xctest */ = {isa = PBXFileReference; explicitFileType = wrapper.cfbundle; includeInIndex = 0; path = cipherTests.xctest; sourceTree = BUILT_PRODUCTS_DIR; };
		391160C42DE286D9006A4D3E /* cipherUITests.xctest */ = {isa = PBXFileReference; explicitFileType = wrapper.cfbundle; includeInIndex = 0; path = cipherUITests.xctest; sourceTree = BUILT_PRODUCTS_DIR; };
/* End PBXFileReference section */

/* Begin PBXFileSystemSynchronizedBuildFileExceptionSet section */
		391160EC2DE3DBE3006A4D3E /* Exceptions for "cipher" folder in "cipher" target */ = {
			isa = PBXFileSystemSynchronizedBuildFileExceptionSet;
			membershipExceptions = (
				Info.plist,
			);
			target = 391160A92DE286D7006A4D3E /* cipher */;
		};
/* End PBXFileSystemSynchronizedBuildFileExceptionSet section */

/* Begin PBXFileSystemSynchronizedRootGroup section */
		391160AC2DE286D7006A4D3E /* cipher */ = {
			isa = PBXFileSystemSynchronizedRootGroup;
			exceptions = (
				391160EC2DE3DBE3006A4D3E /* Exceptions for "cipher" folder in "cipher" target */,
			);
			path = cipher;
			sourceTree = "<group>";
		};
		391160BD2DE286D9006A4D3E /* cipherTests */ = {
			isa = PBXFileSystemSynchronizedRootGroup;
			path = cipherTests;
			sourceTree = "<group>";
		};
		391160C72DE286D9006A4D3E /* cipherUITests */ = {
			isa = PBXFileSystemSynchronizedRootGroup;
			path = cipherUITests;
			sourceTree = "<group>";
		};
/* End PBXFileSystemSynchronizedRootGroup section */

/* Begin PBXFrameworksBuildPhase section */
		391160A72DE286D7006A4D3E /* Frameworks */ = {
			isa = PBXFrameworksBuildPhase;
			buildActionMask = 2147483647;
			files = (
				39C591762DF0C31C00B72F93 /* BridgingWebView in Frameworks */,
				391160E02DE2E2DF006A4D3E /* MiniRedux in Frameworks */,
			);
			runOnlyForDeploymentPostprocessing = 0;
		};
		391160B72DE286D9006A4D3E /* Frameworks */ = {
			isa = PBXFrameworksBuildPhase;
			buildActionMask = 2147483647;
			files = (
			);
			runOnlyForDeploymentPostprocessing = 0;
		};
		391160C12DE286D9006A4D3E /* Frameworks */ = {
			isa = PBXFrameworksBuildPhase;
			buildActionMask = 2147483647;
			files = (
			);
			runOnlyForDeploymentPostprocessing = 0;
		};
/* End PBXFrameworksBuildPhase section */

/* Begin PBXGroup section */
		391160A12DE286D7006A4D3E = {
			isa = PBXGroup;
			children = (
				391160AC2DE286D7006A4D3E /* cipher */,
				391160BD2DE286D9006A4D3E /* cipherTests */,
				391160C72DE286D9006A4D3E /* cipherUITests */,
				391160DE2DE2E2DF006A4D3E /* Frameworks */,
				391160AB2DE286D7006A4D3E /* Products */,
			);
			sourceTree = "<group>";
		};
		391160AB2DE286D7006A4D3E /* Products */ = {
			isa = PBXGroup;
			children = (
				391160AA2DE286D7006A4D3E /* cipher.app */,
				391160BA2DE286D9006A4D3E /* cipherTests.xctest */,
				391160C42DE286D9006A4D3E /* cipherUITests.xctest */,
			);
			name = Products;
			sourceTree = "<group>";
		};
		391160DE2DE2E2DF006A4D3E /* Frameworks */ = {
			isa = PBXGroup;
			children = (
			);
			name = Frameworks;
			sourceTree = "<group>";
		};
/* End PBXGroup section */

/* Begin PBXNativeTarget section */
		391160A92DE286D7006A4D3E /* cipher */ = {
			isa = PBXNativeTarget;
			buildConfigurationList = 391160CE2DE286D9006A4D3E /* Build configuration list for PBXNativeTarget "cipher" */;
			buildPhases = (
				391160A62DE286D7006A4D3E /* Sources */,
				391160A72DE286D7006A4D3E /* Frameworks */,
				391160A82DE286D7006A4D3E /* Resources */,
			);
			buildRules = (
			);
			dependencies = (
			);
			fileSystemSynchronizedGroups = (
				391160AC2DE286D7006A4D3E /* cipher */,
			);
			name = cipher;
			packageProductDependencies = (
				391160DF2DE2E2DF006A4D3E /* MiniRedux */,
				39C591752DF0C31C00B72F93 /* BridgingWebView */,
			);
			productName = cipher;
			productReference = 391160AA2DE286D7006A4D3E /* cipher.app */;
			productType = "com.apple.product-type.application";
		};
		391160B92DE286D9006A4D3E /* cipherTests */ = {
			isa = PBXNativeTarget;
			buildConfigurationList = 391160D12DE286D9006A4D3E /* Build configuration list for PBXNativeTarget "cipherTests" */;
			buildPhases = (
				391160B62DE286D9006A4D3E /* Sources */,
				391160B72DE286D9006A4D3E /* Frameworks */,
				391160B82DE286D9006A4D3E /* Resources */,
			);
			buildRules = (
			);
			dependencies = (
				391160BC2DE286D9006A4D3E /* PBXTargetDependency */,
			);
			fileSystemSynchronizedGroups = (
				391160BD2DE286D9006A4D3E /* cipherTests */,
			);
			name = cipherTests;
			packageProductDependencies = (
			);
			productName = cipherTests;
			productReference = 391160BA2DE286D9006A4D3E /* cipherTests.xctest */;
			productType = "com.apple.product-type.bundle.unit-test";
		};
		391160C32DE286D9006A4D3E /* cipherUITests */ = {
			isa = PBXNativeTarget;
			buildConfigurationList = 391160D42DE286D9006A4D3E /* Build configuration list for PBXNativeTarget "cipherUITests" */;
			buildPhases = (
				391160C02DE286D9006A4D3E /* Sources */,
				391160C12DE286D9006A4D3E /* Frameworks */,
				391160C22DE286D9006A4D3E /* Resources */,
			);
			buildRules = (
			);
			dependencies = (
				391160C62DE286D9006A4D3E /* PBXTargetDependency */,
			);
			fileSystemSynchronizedGroups = (
				391160C72DE286D9006A4D3E /* cipherUITests */,
			);
			name = cipherUITests;
			packageProductDependencies = (
			);
			productName = cipherUITests;
			productReference = 391160C42DE286D9006A4D3E /* cipherUITests.xctest */;
			productType = "com.apple.product-type.bundle.ui-testing";
		};
/* End PBXNativeTarget section */

/* Begin PBXProject section */
		391160A22DE286D7006A4D3E /* Project object */ = {
			isa = PBXProject;
			attributes = {
				BuildIndependentTargetsInParallel = 1;
				LastSwiftUpdateCheck = 1620;
				LastUpgradeCheck = 1620;
				TargetAttributes = {
					391160A92DE286D7006A4D3E = {
						CreatedOnToolsVersion = 16.2;
					};
					391160B92DE286D9006A4D3E = {
						CreatedOnToolsVersion = 16.2;
						TestTargetID = 391160A92DE286D7006A4D3E;
					};
					391160C32DE286D9006A4D3E = {
						CreatedOnToolsVersion = 16.2;
						TestTargetID = 391160A92DE286D7006A4D3E;
					};
				};
			};
			buildConfigurationList = 391160A52DE286D7006A4D3E /* Build configuration list for PBXProject "cipher" */;
			developmentRegion = en;
			hasScannedForEncodings = 0;
			knownRegions = (
				en,
				Base,
			);
			mainGroup = 391160A12DE286D7006A4D3E;
			minimizedProjectReferenceProxies = 1;
			packageReferences = (
				391160DD2DE2E2C7006A4D3E /* XCRemoteSwiftPackageReference "swift-mini-redux" */,
				39C591742DF0C29600B72F93 /* XCRemoteSwiftPackageReference "swift-bridging-webview" */,
			);
			preferredProjectObjectVersion = 77;
			productRefGroup = 391160AB2DE286D7006A4D3E /* Products */;
			projectDirPath = "";
			projectRoot = "";
			targets = (
				391160A92DE286D7006A4D3E /* cipher */,
				391160B92DE286D9006A4D3E /* cipherTests */,
				391160C32DE286D9006A4D3E /* cipherUITests */,
			);
		};
/* End PBXProject section */

/* Begin PBXResourcesBuildPhase section */
		391160A82DE286D7006A4D3E /* Resources */ = {
			isa = PBXResourcesBuildPhase;
			buildActionMask = 2147483647;
			files = (
			);
			runOnlyForDeploymentPostprocessing = 0;
		};
		391160B82DE286D9006A4D3E /* Resources */ = {
			isa = PBXResourcesBuildPhase;
			buildActionMask = 2147483647;
			files = (
			);
			runOnlyForDeploymentPostprocessing = 0;
		};
		391160C22DE286D9006A4D3E /* Resources */ = {
			isa = PBXResourcesBuildPhase;
			buildActionMask = 2147483647;
			files = (
			);
			runOnlyForDeploymentPostprocessing = 0;
		};
/* End PBXResourcesBuildPhase section */

/* Begin PBXSourcesBuildPhase section */
		391160A62DE286D7006A4D3E /* Sources */ = {
			isa = PBXSourcesBuildPhase;
			buildActionMask = 2147483647;
			files = (
			);
			runOnlyForDeploymentPostprocessing = 0;
		};
		391160B62DE286D9006A4D3E /* Sources */ = {
			isa = PBXSourcesBuildPhase;
			buildActionMask = 2147483647;
			files = (
			);
			runOnlyForDeploymentPostprocessing = 0;
		};
		391160C02DE286D9006A4D3E /* Sources */ = {
			isa = PBXSourcesBuildPhase;
			buildActionMask = 2147483647;
			files = (
			);
			runOnlyForDeploymentPostprocessing = 0;
		};
/* End PBXSourcesBuildPhase section */

/* Begin PBXTargetDependency section */
		391160BC2DE286D9006A4D3E /* PBXTargetDependency */ = {
			isa = PBXTargetDependency;
			target = 391160A92DE286D7006A4D3E /* cipher */;
			targetProxy = 391160BB2DE286D9006A4D3E /* PBXContainerItemProxy */;
		};
		391160C62DE286D9006A4D3E /* PBXTargetDependency */ = {
			isa = PBXTargetDependency;
			target = 391160A92DE286D7006A4D3E /* cipher */;
			targetProxy = 391160C52DE286D9006A4D3E /* PBXContainerItemProxy */;
		};
/* End PBXTargetDependency section */

/* Begin XCBuildConfiguration section */
		391160CC2DE286D9006A4D3E /* Debug */ = {
			isa = XCBuildConfiguration;
			buildSettings = {
				ALWAYS_SEARCH_USER_PATHS = NO;
				ASSETCATALOG_COMPILER_GENERATE_SWIFT_ASSET_SYMBOL_EXTENSIONS = YES;
				CLANG_ANALYZER_NONNULL = YES;
				CLANG_ANALYZER_NUMBER_OBJECT_CONVERSION = YES_AGGRESSIVE;
				CLANG_CXX_LANGUAGE_STANDARD = "gnu++20";
				CLANG_ENABLE_MODULES = YES;
				CLANG_ENABLE_OBJC_ARC = YES;
				CLANG_ENABLE_OBJC_WEAK = YES;
				CLANG_WARN_BLOCK_CAPTURE_AUTORELEASING = YES;
				CLANG_WARN_BOOL_CONVERSION = YES;
				CLANG_WARN_COMMA = YES;
				CLANG_WARN_CONSTANT_CONVERSION = YES;
				CLANG_WARN_DEPRECATED_OBJC_IMPLEMENTATIONS = YES;
				CLANG_WARN_DIRECT_OBJC_ISA_USAGE = YES_ERROR;
				CLANG_WARN_DOCUMENTATION_COMMENTS = YES;
				CLANG_WARN_EMPTY_BODY = YES;
				CLANG_WARN_ENUM_CONVERSION = YES;
				CLANG_WARN_INFINITE_RECURSION = YES;
				CLANG_WARN_INT_CONVERSION = YES;
				CLANG_WARN_NON_LITERAL_NULL_CONVERSION = YES;
				CLANG_WARN_OBJC_IMPLICIT_RETAIN_SELF = YES;
				CLANG_WARN_OBJC_LITERAL_CONVERSION = YES;
				CLANG_WARN_OBJC_ROOT_CLASS = YES_ERROR;
				CLANG_WARN_QUOTED_INCLUDE_IN_FRAMEWORK_HEADER = YES;
				CLANG_WARN_RANGE_LOOP_ANALYSIS = YES;
				CLANG_WARN_STRICT_PROTOTYPES = YES;
				CLANG_WARN_SUSPICIOUS_MOVE = YES;
				CLANG_WARN_UNGUARDED_AVAILABILITY = YES_AGGRESSIVE;
				CLANG_WARN_UNREACHABLE_CODE = YES;
				CLANG_WARN__DUPLICATE_METHOD_MATCH = YES;
				COPY_PHASE_STRIP = NO;
				DEBUG_INFORMATION_FORMAT = dwarf;
				ENABLE_STRICT_OBJC_MSGSEND = YES;
				ENABLE_TESTABILITY = YES;
				ENABLE_USER_SCRIPT_SANDBOXING = YES;
				GCC_C_LANGUAGE_STANDARD = gnu17;
				GCC_DYNAMIC_NO_PIC = NO;
				GCC_NO_COMMON_BLOCKS = YES;
				GCC_OPTIMIZATION_LEVEL = 0;
				GCC_PREPROCESSOR_DEFINITIONS = (
					"DEBUG=1",
					"$(inherited)",
				);
				GCC_WARN_64_TO_32_BIT_CONVERSION = YES;
				GCC_WARN_ABOUT_RETURN_TYPE = YES_ERROR;
				GCC_WARN_UNDECLARED_SELECTOR = YES;
				GCC_WARN_UNINITIALIZED_AUTOS = YES_AGGRESSIVE;
				GCC_WARN_UNUSED_FUNCTION = YES;
				GCC_WARN_UNUSED_VARIABLE = YES;
				IPHONEOS_DEPLOYMENT_TARGET = 16.6;
				LOCALIZATION_PREFERS_STRING_CATALOGS = YES;
				MTL_ENABLE_DEBUG_INFO = INCLUDE_SOURCE;
				MTL_FAST_MATH = YES;
				ONLY_ACTIVE_ARCH = YES;
				SDKROOT = iphoneos;
				SWIFT_ACTIVE_COMPILATION_CONDITIONS = "DEBUG $(inherited)";
				SWIFT_OPTIMIZATION_LEVEL = "-Onone";
				SWIFT_VERSION = 6.0;
			};
			name = Debug;
		};
		391160CD2DE286D9006A4D3E /* Release */ = {
			isa = XCBuildConfiguration;
			buildSettings = {
				ALWAYS_SEARCH_USER_PATHS = NO;
				ASSETCATALOG_COMPILER_GENERATE_SWIFT_ASSET_SYMBOL_EXTENSIONS = YES;
				CLANG_ANALYZER_NONNULL = YES;
				CLANG_ANALYZER_NUMBER_OBJECT_CONVERSION = YES_AGGRESSIVE;
				CLANG_CXX_LANGUAGE_STANDARD = "gnu++20";
				CLANG_ENABLE_MODULES = YES;
				CLANG_ENABLE_OBJC_ARC = YES;
				CLANG_ENABLE_OBJC_WEAK = YES;
				CLANG_WARN_BLOCK_CAPTURE_AUTORELEASING = YES;
				CLANG_WARN_BOOL_CONVERSION = YES;
				CLANG_WARN_COMMA = YES;
				CLANG_WARN_CONSTANT_CONVERSION = YES;
				CLANG_WARN_DEPRECATED_OBJC_IMPLEMENTATIONS = YES;
				CLANG_WARN_DIRECT_OBJC_ISA_USAGE = YES_ERROR;
				CLANG_WARN_DOCUMENTATION_COMMENTS = YES;
				CLANG_WARN_EMPTY_BODY = YES;
				CLANG_WARN_ENUM_CONVERSION = YES;
				CLANG_WARN_INFINITE_RECURSION = YES;
				CLANG_WARN_INT_CONVERSION = YES;
				CLANG_WARN_NON_LITERAL_NULL_CONVERSION = YES;
				CLANG_WARN_OBJC_IMPLICIT_RETAIN_SELF = YES;
				CLANG_WARN_OBJC_LITERAL_CONVERSION = YES;
				CLANG_WARN_OBJC_ROOT_CLASS = YES_ERROR;
				CLANG_WARN_QUOTED_INCLUDE_IN_FRAMEWORK_HEADER = YES;
				CLANG_WARN_RANGE_LOOP_ANALYSIS = YES;
				CLANG_WARN_STRICT_PROTOTYPES = YES;
				CLANG_WARN_SUSPICIOUS_MOVE = YES;
				CLANG_WARN_UNGUARDED_AVAILABILITY = YES_AGGRESSIVE;
				CLANG_WARN_UNREACHABLE_CODE = YES;
				CLANG_WARN__DUPLICATE_METHOD_MATCH = YES;
				COPY_PHASE_STRIP = NO;
				DEBUG_INFORMATION_FORMAT = "dwarf-with-dsym";
				ENABLE_NS_ASSERTIONS = NO;
				ENABLE_STRICT_OBJC_MSGSEND = YES;
				ENABLE_USER_SCRIPT_SANDBOXING = YES;
				GCC_C_LANGUAGE_STANDARD = gnu17;
				GCC_NO_COMMON_BLOCKS = YES;
				GCC_WARN_64_TO_32_BIT_CONVERSION = YES;
				GCC_WARN_ABOUT_RETURN_TYPE = YES_ERROR;
				GCC_WARN_UNDECLARED_SELECTOR = YES;
				GCC_WARN_UNINITIALIZED_AUTOS = YES_AGGRESSIVE;
				GCC_WARN_UNUSED_FUNCTION = YES;
				GCC_WARN_UNUSED_VARIABLE = YES;
				IPHONEOS_DEPLOYMENT_TARGET = 16.6;
				LOCALIZATION_PREFERS_STRING_CATALOGS = YES;
				MTL_ENABLE_DEBUG_INFO = NO;
				MTL_FAST_MATH = YES;
				SDKROOT = iphoneos;
				SWIFT_COMPILATION_MODE = wholemodule;
				SWIFT_VERSION = 6.0;
				VALIDATE_PRODUCT = YES;
			};
			name = Release;
		};
		391160CF2DE286D9006A4D3E /* Debug */ = {
			isa = XCBuildConfiguration;
			buildSettings = {
				ASSETCATALOG_COMPILER_APPICON_NAME = AppIcon;
				ASSETCATALOG_COMPILER_GLOBAL_ACCENT_COLOR_NAME = AccentColor;
				CODE_SIGN_ENTITLEMENTS = cipher/cipher.entitlements;
				CODE_SIGN_STYLE = Automatic;
				CURRENT_PROJECT_VERSION = 16;
				DEVELOPMENT_ASSET_PATHS = "\"cipher/Preview Content\"";
				DEVELOPMENT_TEAM = 869W3P5ZRS;
				ENABLE_PREVIEWS = YES;
				GENERATE_INFOPLIST_FILE = YES;
				INFOPLIST_FILE = cipher/Info.plist;
				INFOPLIST_KEY_UIApplicationSceneManifest_Generation = YES;
				INFOPLIST_KEY_UIApplicationSupportsIndirectInputEvents = YES;
				INFOPLIST_KEY_UILaunchScreen_Generation = YES;
				INFOPLIST_KEY_UISupportedInterfaceOrientations_iPad = "UIInterfaceOrientationPortrait UIInterfaceOrientationPortraitUpsideDown UIInterfaceOrientationLandscapeLeft UIInterfaceOrientationLandscapeRight";
				INFOPLIST_KEY_UISupportedInterfaceOrientations_iPhone = "UIInterfaceOrientationPortrait UIInterfaceOrientationLandscapeLeft UIInterfaceOrientationLandscapeRight";
				IPHONEOS_DEPLOYMENT_TARGET = 17.0;
				"IPHONEOS_DEPLOYMENT_TARGET[sdk=iphoneos*]" = 17.0;
				"IPHONEOS_DEPLOYMENT_TARGET[sdk=macosx*]" = 17.0;
				LD_RUNPATH_SEARCH_PATHS = (
					"$(inherited)",
					"@executable_path/Frameworks",
				);
				MARKETING_VERSION = 1.0.4;
				PRODUCT_BUNDLE_IDENTIFIER = fyi.lei.cipher;
				PRODUCT_NAME = "$(TARGET_NAME)";
				SUPPORTED_PLATFORMS = "iphoneos iphonesimulator";
				SUPPORTS_MACCATALYST = YES;
				SWIFT_EMIT_LOC_STRINGS = YES;
				SWIFT_VERSION = 6.0;
				TARGETED_DEVICE_FAMILY = "1,2";
			};
			name = Debug;
		};
		391160D02DE286D9006A4D3E /* Release */ = {
			isa = XCBuildConfiguration;
			buildSettings = {
				ASSETCATALOG_COMPILER_APPICON_NAME = AppIcon;
				ASSETCATALOG_COMPILER_GLOBAL_ACCENT_COLOR_NAME = AccentColor;
				CODE_SIGN_ENTITLEMENTS = cipher/cipher.entitlements;
				CODE_SIGN_STYLE = Automatic;
				CURRENT_PROJECT_VERSION = 16;
				DEVELOPMENT_ASSET_PATHS = "\"cipher/Preview Content\"";
				DEVELOPMENT_TEAM = 869W3P5ZRS;
				ENABLE_PREVIEWS = YES;
				GENERATE_INFOPLIST_FILE = YES;
				INFOPLIST_FILE = cipher/Info.plist;
				INFOPLIST_KEY_UIApplicationSceneManifest_Generation = YES;
				INFOPLIST_KEY_UIApplicationSupportsIndirectInputEvents = YES;
				INFOPLIST_KEY_UILaunchScreen_Generation = YES;
				INFOPLIST_KEY_UISupportedInterfaceOrientations_iPad = "UIInterfaceOrientationPortrait UIInterfaceOrientationPortraitUpsideDown UIInterfaceOrientationLandscapeLeft UIInterfaceOrientationLandscapeRight";
				INFOPLIST_KEY_UISupportedInterfaceOrientations_iPhone = "UIInterfaceOrientationPortrait UIInterfaceOrientationLandscapeLeft UIInterfaceOrientationLandscapeRight";
				IPHONEOS_DEPLOYMENT_TARGET = 17.0;
				"IPHONEOS_DEPLOYMENT_TARGET[sdk=iphoneos*]" = 17.0;
				"IPHONEOS_DEPLOYMENT_TARGET[sdk=macosx*]" = 17.0;
				LD_RUNPATH_SEARCH_PATHS = (
					"$(inherited)",
					"@executable_path/Frameworks",
				);
				MARKETING_VERSION = 1.0.4;
				PRODUCT_BUNDLE_IDENTIFIER = fyi.lei.cipher;
				PRODUCT_NAME = "$(TARGET_NAME)";
				SUPPORTED_PLATFORMS = "iphoneos iphonesimulator";
				SUPPORTS_MACCATALYST = YES;
				SWIFT_EMIT_LOC_STRINGS = YES;
				SWIFT_VERSION = 6.0;
				TARGETED_DEVICE_FAMILY = "1,2";
			};
			name = Release;
		};
		391160D22DE286D9006A4D3E /* Debug */ = {
			isa = XCBuildConfiguration;
			buildSettings = {
				BUNDLE_LOADER = "$(TEST_HOST)";
				CODE_SIGN_STYLE = Automatic;
				CURRENT_PROJECT_VERSION = 1;
				DEVELOPMENT_TEAM = 869W3P5ZRS;
				GENERATE_INFOPLIST_FILE = YES;
				IPHONEOS_DEPLOYMENT_TARGET = 17.6;
				MARKETING_VERSION = 1.0;
				PRODUCT_BUNDLE_IDENTIFIER = fyi.lei.cipherTests;
				PRODUCT_NAME = "$(TARGET_NAME)";
				SWIFT_EMIT_LOC_STRINGS = NO;
				SWIFT_VERSION = 5.0;
				TARGETED_DEVICE_FAMILY = "1,2";
				TEST_HOST = "$(BUILT_PRODUCTS_DIR)/cipher.app/$(BUNDLE_EXECUTABLE_FOLDER_PATH)/cipher";
			};
			name = Debug;
		};
		391160D32DE286D9006A4D3E /* Release */ = {
			isa = XCBuildConfiguration;
			buildSettings = {
				BUNDLE_LOADER = "$(TEST_HOST)";
				CODE_SIGN_STYLE = Automatic;
				CURRENT_PROJECT_VERSION = 1;
				DEVELOPMENT_TEAM = 869W3P5ZRS;
				GENERATE_INFOPLIST_FILE = YES;
				IPHONEOS_DEPLOYMENT_TARGET = 17.6;
				MARKETING_VERSION = 1.0;
				PRODUCT_BUNDLE_IDENTIFIER = fyi.lei.cipherTests;
				PRODUCT_NAME = "$(TARGET_NAME)";
				SWIFT_EMIT_LOC_STRINGS = NO;
				SWIFT_VERSION = 5.0;
				TARGETED_DEVICE_FAMILY = "1,2";
				TEST_HOST = "$(BUILT_PRODUCTS_DIR)/cipher.app/$(BUNDLE_EXECUTABLE_FOLDER_PATH)/cipher";
			};
			name = Release;
		};
		391160D52DE286D9006A4D3E /* Debug */ = {
			isa = XCBuildConfiguration;
			buildSettings = {
				CODE_SIGN_STYLE = Automatic;
				CURRENT_PROJECT_VERSION = 1;
				DEVELOPMENT_TEAM = 869W3P5ZRS;
				GENERATE_INFOPLIST_FILE = YES;
				IPHONEOS_DEPLOYMENT_TARGET = 17.6;
				MARKETING_VERSION = 1.0;
				PRODUCT_BUNDLE_IDENTIFIER = fyi.lei.cipherUITests;
				PRODUCT_NAME = "$(TARGET_NAME)";
				SWIFT_EMIT_LOC_STRINGS = NO;
				SWIFT_VERSION = 5.0;
				TARGETED_DEVICE_FAMILY = "1,2";
				TEST_TARGET_NAME = cipher;
			};
			name = Debug;
		};
		391160D62DE286D9006A4D3E /* Release */ = {
			isa = XCBuildConfiguration;
			buildSettings = {
				CODE_SIGN_STYLE = Automatic;
				CURRENT_PROJECT_VERSION = 1;
				DEVELOPMENT_TEAM = 869W3P5ZRS;
				GENERATE_INFOPLIST_FILE = YES;
				IPHONEOS_DEPLOYMENT_TARGET = 17.6;
				MARKETING_VERSION = 1.0;
				PRODUCT_BUNDLE_IDENTIFIER = fyi.lei.cipherUITests;
				PRODUCT_NAME = "$(TARGET_NAME)";
				SWIFT_EMIT_LOC_STRINGS = NO;
				SWIFT_VERSION = 5.0;
				TARGETED_DEVICE_FAMILY = "1,2";
				TEST_TARGET_NAME = cipher;
			};
			name = Release;
		};
/* End XCBuildConfiguration section */

/* Begin XCConfigurationList section */
		391160A52DE286D7006A4D3E /* Build configuration list for PBXProject "cipher" */ = {
			isa = XCConfigurationList;
			buildConfigurations = (
				391160CC2DE286D9006A4D3E /* Debug */,
				391160CD2DE286D9006A4D3E /* Release */,
			);
			defaultConfigurationIsVisible = 0;
			defaultConfigurationName = Release;
		};
		391160CE2DE286D9006A4D3E /* Build configuration list for PBXNativeTarget "cipher" */ = {
			isa = XCConfigurationList;
			buildConfigurations = (
				391160CF2DE286D9006A4D3E /* Debug */,
				391160D02DE286D9006A4D3E /* Release */,
			);
			defaultConfigurationIsVisible = 0;
			defaultConfigurationName = Release;
		};
		391160D12DE286D9006A4D3E /* Build configuration list for PBXNativeTarget "cipherTests" */ = {
			isa = XCConfigurationList;
			buildConfigurations = (
				391160D22DE286D9006A4D3E /* Debug */,
				391160D32DE286D9006A4D3E /* Release */,
			);
			defaultConfigurationIsVisible = 0;
			defaultConfigurationName = Release;
		};
		391160D42DE286D9006A4D3E /* Build configuration list for PBXNativeTarget "cipherUITests" */ = {
			isa = XCConfigurationList;
			buildConfigurations = (
				391160D52DE286D9006A4D3E /* Debug */,
				391160D62DE286D9006A4D3E /* Release */,
			);
			defaultConfigurationIsVisible = 0;
			defaultConfigurationName = Release;
		};
/* End XCConfigurationList section */

/* Begin XCRemoteSwiftPackageReference section */
		391160DD2DE2E2C7006A4D3E /* XCRemoteSwiftPackageReference "swift-mini-redux" */ = {
			isa = XCRemoteSwiftPackageReference;
			repositoryURL = "https://github.com/ba01ei/swift-mini-redux";
			requirement = {
				kind = upToNextMajorVersion;
				minimumVersion = 0.0.15;
			};
		};
		39C591742DF0C29600B72F93 /* XCRemoteSwiftPackageReference "swift-bridging-webview" */ = {
			isa = XCRemoteSwiftPackageReference;
			repositoryURL = "https://github.com/ba01ei/swift-bridging-webview";
			requirement = {
				kind = upToNextMajorVersion;
				minimumVersion = 0.0.1;
			};
		};
/* End XCRemoteSwiftPackageReference section */

/* Begin XCSwiftPackageProductDependency section */
		391160DF2DE2E2DF006A4D3E /* MiniRedux */ = {
			isa = XCSwiftPackageProductDependency;
			package = 391160DD2DE2E2C7006A4D3E /* XCRemoteSwiftPackageReference "swift-mini-redux" */;
			productName = MiniRedux;
		};
		39C591752DF0C31C00B72F93 /* BridgingWebView */ = {
			isa = XCSwiftPackageProductDependency;
			package = 39C591742DF0C29600B72F93 /* XCRemoteSwiftPackageReference "swift-bridging-webview" */;
			productName = BridgingWebView;
		};
/* End XCSwiftPackageProductDependency section */
	};
	rootObject = 391160A22DE286D7006A4D3E /* Project object */;
}
